
Microsoft Visual Studio Solution File, Format Version 12.00
Project("{2150E333-8FDC-42A3-9474-1A3956D46DE8}") = "Domain", "Domain", "{67E0A200-F4D8-409A-BFBB-75A5698FE7D7}"
EndProject
Project("{2150E333-8FDC-42A3-9474-1A3956D46DE8}") = "Application", "Application", "{DCB78FE6-8336-4B5D-A45A-76FAD311BC54}"
EndProject
Project("{2150E333-8FDC-42A3-9474-1A3956D46DE8}") = "Presentation", "Presentation", "{B6C46260-78E6-4762-874D-F74E3A243C40}"
EndProject
Project("{FAE04EC0-301F-11D3-BF4B-00C04F79EFBC}") = "PasswordBackendChallenge.Presentation", "src\PasswordBackendChallenge.Presentation\PasswordBackendChallenge.Presentation.csproj", "{100AFA77-66BF-4173-A799-28EB891EE897}"
EndProject
Project("{FAE04EC0-301F-11D3-BF4B-00C04F79EFBC}") = "PasswordBackendChallenge.Shared", "src\PasswordBackendChallenge.Shared\PasswordBackendChallenge.Shared.csproj", "{7141FAB8-2418-4A04-A420-853FCE7ECE66}"
EndProject
Project("{FAE04EC0-301F-11D3-BF4B-00C04F79EFBC}") = "PasswordBackendChallenge.Application", "src\PasswordBackendChallenge.Application\PasswordBackendChallenge.Application.csproj", "{DF0EEAB5-C539-4631-AC25-598465EF70F2}"
EndProject
Project("{2150E333-8FDC-42A3-9474-1A3956D46DE8}") = "Tests", "Tests", "{7CC7B2D3-C161-48F7-9BE7-7892CC550901}"
EndProject
Project("{FAE04EC0-301F-11D3-BF4B-00C04F79EFBC}") = "PasswordBackendChallenge.Tests", "tests\PasswordBackendChallenge.Tests\PasswordBackendChallenge.Tests.csproj", "{CBEC9FB7-BA18-4B0F-B3C2-88BD8528F747}"
EndProject
Global
	GlobalSection(SolutionConfigurationPlatforms) = preSolution
		Debug|Any CPU = Debug|Any CPU
		Release|Any CPU = Release|Any CPU
	EndGlobalSection
	GlobalSection(NestedProjects) = preSolution
		{100AFA77-66BF-4173-A799-28EB891EE897} = {B6C46260-78E6-4762-874D-F74E3A243C40}
		{7141FAB8-2418-4A04-A420-853FCE7ECE66} = {67E0A200-F4D8-409A-BFBB-75A5698FE7D7}
		{DF0EEAB5-C539-4631-AC25-598465EF70F2} = {DCB78FE6-8336-4B5D-A45A-76FAD311BC54}
		{CBEC9FB7-BA18-4B0F-B3C2-88BD8528F747} = {7CC7B2D3-C161-48F7-9BE7-7892CC550901}
	EndGlobalSection
	GlobalSection(ProjectConfigurationPlatforms) = postSolution
		{100AFA77-66BF-4173-A799-28EB891EE897}.Debug|Any CPU.ActiveCfg = Debug|Any CPU
		{100AFA77-66BF-4173-A799-28EB891EE897}.Debug|Any CPU.Build.0 = Debug|Any CPU
		{100AFA77-66BF-4173-A799-28EB891EE897}.Release|Any CPU.ActiveCfg = Release|Any CPU
		{100AFA77-66BF-4173-A799-28EB891EE897}.Release|Any CPU.Build.0 = Release|Any CPU
		{7141FAB8-2418-4A04-A420-853FCE7ECE66}.Debug|Any CPU.ActiveCfg = Debug|Any CPU
		{7141FAB8-2418-4A04-A420-853FCE7ECE66}.Debug|Any CPU.Build.0 = Debug|Any CPU
		{7141FAB8-2418-4A04-A420-853FCE7ECE66}.Release|Any CPU.ActiveCfg = Release|Any CPU
		{7141FAB8-2418-4A04-A420-853FCE7ECE66}.Release|Any CPU.Build.0 = Release|Any CPU
		{DF0EEAB5-C539-4631-AC25-598465EF70F2}.Debug|Any CPU.ActiveCfg = Debug|Any CPU
		{DF0EEAB5-C539-4631-AC25-598465EF70F2}.Debug|Any CPU.Build.0 = Debug|Any CPU
		{DF0EEAB5-C539-4631-AC25-598465EF70F2}.Release|Any CPU.ActiveCfg = Release|Any CPU
		{DF0EEAB5-C539-4631-AC25-598465EF70F2}.Release|Any CPU.Build.0 = Release|Any CPU
		{CBEC9FB7-BA18-4B0F-B3C2-88BD8528F747}.Debug|Any CPU.ActiveCfg = Debug|Any CPU
		{CBEC9FB7-BA18-4B0F-B3C2-88BD8528F747}.Debug|Any CPU.Build.0 = Debug|Any CPU
		{CBEC9FB7-BA18-4B0F-B3C2-88BD8528F747}.Release|Any CPU.ActiveCfg = Release|Any CPU
		{CBEC9FB7-BA18-4B0F-B3C2-88BD8528F747}.Release|Any CPU.Build.0 = Release|Any CPU
	EndGlobalSection
EndGlobal